
Microsoft Visual Studio Solution File, Format Version 12.00
# Visual Studio Version 17
VisualStudioVersion = 17.6.33723.286
MinimumVisualStudioVersion = 10.0.40219.1
Project("{FAE04EC0-301F-11D3-BF4B-00C04F79EFBC}") = "Danchi", "Danchi.csproj", "{FF5E9000-5134-4707-9E72-07037F3C8D50}"
EndProject
Project("{2150E333-8FDC-42A3-9474-1A3956D46DE8}") = "Script", "Script", "{B642D71F-4110-4949-B2DF-C17F03FD88FC}"
	ProjectSection(SolutionItems) = preProject
		BD Danchi.sql = BD Danchi.sql
	EndProjectSection
EndProject
Project("{2150E333-8FDC-42A3-9474-1A3956D46DE8}") = "Código", "Código", "{2A7239F7-5744-43BC-AB6B-5CAB2D213DB2}"
EndProject
Project("{2150E333-8FDC-42A3-9474-1A3956D46DE8}") = "Documentación", "Documentación", "{97C8DEFD-A3D2-4293-A20F-26DE804ADF11}"
	ProjectSection(SolutionItems) = preProject
		..\Documentación\Casos de uso extendidos.docx = ..\Documentación\Casos de uso extendidos.docx
		..\Documentación\Diagrama Actividades, proyecto DANCHI .pdf = ..\Documentación\Diagrama Actividades, proyecto DANCHI .pdf
		..\Documentación\Documentacion. Sistema de Gestión Administrativa de las Propiedades Horizontales..docx = ..\Documentación\Documentacion. Sistema de Gestión Administrativa de las Propiedades Horizontales..docx
		..\Documentación\Producto DANCHI. Software de gestión administrativo de propiedades horizontales.docx = ..\Documentación\Producto DANCHI. Software de gestión administrativo de propiedades horizontales.docx
		..\Documentación\PROYECTO DANCHI, PLANTILLA IEEE830, GRUPO 1..pdf = ..\Documentación\PROYECTO DANCHI, PLANTILLA IEEE830, GRUPO 1..pdf
	EndProjectSection
EndProject
Global
	GlobalSection(SolutionConfigurationPlatforms) = preSolution
		Debug|Any CPU = Debug|Any CPU
		Release|Any CPU = Release|Any CPU
	EndGlobalSection
	GlobalSection(ProjectConfigurationPlatforms) = postSolution
		{FF5E9000-5134-4707-9E72-07037F3C8D50}.Debug|Any CPU.ActiveCfg = Debug|Any CPU
		{FF5E9000-5134-4707-9E72-07037F3C8D50}.Debug|Any CPU.Build.0 = Debug|Any CPU
		{FF5E9000-5134-4707-9E72-07037F3C8D50}.Release|Any CPU.ActiveCfg = Release|Any CPU
		{FF5E9000-5134-4707-9E72-07037F3C8D50}.Release|Any CPU.Build.0 = Release|Any CPU
	EndGlobalSection
	GlobalSection(SolutionProperties) = preSolution
		HideSolutionNode = FALSE
	EndGlobalSection
	GlobalSection(NestedProjects) = preSolution
		{FF5E9000-5134-4707-9E72-07037F3C8D50} = {2A7239F7-5744-43BC-AB6B-5CAB2D213DB2}
	EndGlobalSection
	GlobalSection(ExtensibilityGlobals) = postSolution
		SolutionGuid = {81F5D217-A741-40A5-BB7A-8696ADA7BF60}
	EndGlobalSection
EndGlobal
